
Microsoft Visual Studio Solution File, Format Version 12.00
# Visual Studio Version 17
VisualStudioVersion = 17.7.34031.279
MinimumVisualStudioVersion = 10.0.40219.1
Project("{FAE04EC0-301F-11D3-BF4B-00C04F79EFBC}") = "for loops", "for loops\for loops.csproj", "{08CAF99D-440C-4A89-A335-A723B6625396}"
EndProject
Global
	GlobalSection(SolutionConfigurationPlatforms) = preSolution
		Debug|Any CPU = Debug|Any CPU
		Release|Any CPU = Release|Any CPU
	EndGlobalSection
	GlobalSection(ProjectConfigurationPlatforms) = postSolution
		{08CAF99D-440C-4A89-A335-A723B6625396}.Debug|Any CPU.ActiveCfg = Debug|Any CPU
		{08CAF99D-440C-4A89-A335-A723B6625396}.Debug|Any CPU.Build.0 = Debug|Any CPU
		{08CAF99D-440C-4A89-A335-A723B6625396}.Release|Any CPU.ActiveCfg = Release|Any CPU
		{08CAF99D-440C-4A89-A335-A723B6625396}.Release|Any CPU.Build.0 = Release|Any CPU
	EndGlobalSection
	GlobalSection(SolutionProperties) = preSolution
		HideSolutionNode = FALSE
	EndGlobalSection
	GlobalSection(ExtensibilityGlobals) = postSolution
		SolutionGuid = {53729C83-4225-430C-8C28-0114E1C14A2E}
	EndGlobalSection
EndGlobal
